
Microsoft Visual Studio Solution File, Format Version 12.00
# Visual Studio Version 17
VisualStudioVersion = 17.0.31903.59
MinimumVisualStudioVersion = 10.0.40219.1
Project("{2150E333-8FDC-42A3-9474-1A3956D46DE8}") = "src", "src", "{91B80679-9979-4412-896E-A4F0FA2529E0}"
EndProject
Project("{FAE04EC0-301F-11D3-BF4B-00C04F79EFBC}") = "Talk2Me.Core", "src\Talk2Me.Core\Talk2Me.Core.csproj", "{9DFA2FE9-6EF8-4E83-BDC9-319E471F2098}"
EndProject
Project("{FAE04EC0-301F-11D3-BF4B-00C04F79EFBC}") = "Talk2Me.Windows", "src\Talk2Me.Windows\Talk2Me.Windows.csproj", "{37C60CE3-6655-4C26-B04B-52720A8FC756}"
EndProject
Project("{FAE04EC0-301F-11D3-BF4B-00C04F79EFBC}") = "Talk2Me.Transcription", "src\Talk2Me.Transcription\Talk2Me.Transcription.csproj", "{AB94F5DF-5077-4A63-9B92-A0FFBA6D829F}"
EndProject
Project("{FAE04EC0-301F-11D3-BF4B-00C04F79EFBC}") = "Talk2Me.App", "src\Talk2Me.App\Talk2Me.App.csproj", "{9D842B8A-C340-4089-AB9C-365A05795B14}"
EndProject
Project("{2150E333-8FDC-42A3-9474-1A3956D46DE8}") = "tests", "tests", "{6515EC75-955F-4FD8-9C56-ABFC8EE574B3}"
EndProject
Project("{FAE04EC0-301F-11D3-BF4B-00C04F79EFBC}") = "Talk2Me.Core.Tests", "tests\Talk2Me.Core.Tests\Talk2Me.Core.Tests.csproj", "{F556F2FB-E288-4012-A8C8-A8E7AC827BED}"
EndProject
Project("{2150E333-8FDC-42A3-9474-1A3956D46DE8}") = "tools", "tools", "{4E4B53FF-524F-43FA-A842-D64993D92A51}"
EndProject
Project("{FAE04EC0-301F-11D3-BF4B-00C04F79EFBC}") = "Talk2Me.Bench", "tools\Talk2Me.Bench\Talk2Me.Bench.csproj", "{2E9179CF-44D5-49FA-8B76-D7962A7ED34B}"
EndProject
Project("{FAE04EC0-301F-11D3-BF4B-00C04F79EFBC}") = "Talk2Me.Brand", "tools\Talk2Me.Brand\Talk2Me.Brand.csproj", "{FB7402A6-2A2C-4E51-8BE7-8B1EB0DD0C06}"
EndProject
Project("{FAE04EC0-301F-11D3-BF4B-00C04F79EFBC}") = "Talk2Me.Llm", "src\Talk2Me.Llm\Talk2Me.Llm.csproj", "{ADDFE68E-4D4F-4545-8A64-D5CD3D15C24D}"
EndProject
Project("{FAE04EC0-301F-11D3-BF4B-00C04F79EFBC}") = "Talk2Me.Clean", "tools\Talk2Me.Clean\Talk2Me.Clean.csproj", "{554105AC-70BA-4CE1-A024-D466FC746F1B}"
EndProject
Global
	GlobalSection(SolutionConfigurationPlatforms) = preSolution
		Debug|Any CPU = Debug|Any CPU
		Release|Any CPU = Release|Any CPU
	EndGlobalSection
	GlobalSection(SolutionProperties) = preSolution
		HideSolutionNode = FALSE
	EndGlobalSection
	GlobalSection(ProjectConfigurationPlatforms) = postSolution
		{9DFA2FE9-6EF8-4E83-BDC9-319E471F2098}.Debug|Any CPU.ActiveCfg = Debug|Any CPU
		{9DFA2FE9-6EF8-4E83-BDC9-319E471F2098}.Debug|Any CPU.Build.0 = Debug|Any CPU
		{9DFA2FE9-6EF8-4E83-BDC9-319E471F2098}.Release|Any CPU.ActiveCfg = Release|Any CPU
		{9DFA2FE9-6EF8-4E83-BDC9-319E471F2098}.Release|Any CPU.Build.0 = Release|Any CPU
		{37C60CE3-6655-4C26-B04B-52720A8FC756}.Debug|Any CPU.ActiveCfg = Debug|Any CPU
		{37C60CE3-6655-4C26-B04B-52720A8FC756}.Debug|Any CPU.Build.0 = Debug|Any CPU
		{37C60CE3-6655-4C26-B04B-52720A8FC756}.Release|Any CPU.ActiveCfg = Release|Any CPU
		{37C60CE3-6655-4C26-B04B-52720A8FC756}.Release|Any CPU.Build.0 = Release|Any CPU
		{AB94F5DF-5077-4A63-9B92-A0FFBA6D829F}.Debug|Any CPU.ActiveCfg = Debug|Any CPU
		{AB94F5DF-5077-4A63-9B92-A0FFBA6D829F}.Debug|Any CPU.Build.0 = Debug|Any CPU
		{AB94F5DF-5077-4A63-9B92-A0FFBA6D829F}.Release|Any CPU.ActiveCfg = Release|Any CPU
		{AB94F5DF-5077-4A63-9B92-A0FFBA6D829F}.Release|Any CPU.Build.0 = Release|Any CPU
		{9D842B8A-C340-4089-AB9C-365A05795B14}.Debug|Any CPU.ActiveCfg = Debug|Any CPU
		{9D842B8A-C340-4089-AB9C-365A05795B14}.Debug|Any CPU.Build.0 = Debug|Any CPU
		{9D842B8A-C340-4089-AB9C-365A05795B14}.Release|Any CPU.ActiveCfg = Release|Any CPU
		{9D842B8A-C340-4089-AB9C-365A05795B14}.Release|Any CPU.Build.0 = Release|Any CPU
		{F556F2FB-E288-4012-A8C8-A8E7AC827BED}.Debug|Any CPU.ActiveCfg = Debug|Any CPU
		{F556F2FB-E288-4012-A8C8-A8E7AC827BED}.Debug|Any CPU.Build.0 = Debug|Any CPU
		{F556F2FB-E288-4012-A8C8-A8E7AC827BED}.Release|Any CPU.ActiveCfg = Release|Any CPU
		{F556F2FB-E288-4012-A8C8-A8E7AC827BED}.Release|Any CPU.Build.0 = Release|Any CPU
		{2E9179CF-44D5-49FA-8B76-D7962A7ED34B}.Debug|Any CPU.ActiveCfg = Debug|Any CPU
		{2E9179CF-44D5-49FA-8B76-D7962A7ED34B}.Debug|Any CPU.Build.0 = Debug|Any CPU
		{2E9179CF-44D5-49FA-8B76-D7962A7ED34B}.Release|Any CPU.ActiveCfg = Release|Any CPU
		{2E9179CF-44D5-49FA-8B76-D7962A7ED34B}.Release|Any CPU.Build.0 = Release|Any CPU
		{FB7402A6-2A2C-4E51-8BE7-8B1EB0DD0C06}.Debug|Any CPU.ActiveCfg = Debug|Any CPU
		{FB7402A6-2A2C-4E51-8BE7-8B1EB0DD0C06}.Debug|Any CPU.Build.0 = Debug|Any CPU
		{FB7402A6-2A2C-4E51-8BE7-8B1EB0DD0C06}.Release|Any CPU.ActiveCfg = Release|Any CPU
		{FB7402A6-2A2C-4E51-8BE7-8B1EB0DD0C06}.Release|Any CPU.Build.0 = Release|Any CPU
		{ADDFE68E-4D4F-4545-8A64-D5CD3D15C24D}.Debug|Any CPU.ActiveCfg = Debug|Any CPU
		{ADDFE68E-4D4F-4545-8A64-D5CD3D15C24D}.Debug|Any CPU.Build.0 = Debug|Any CPU
		{ADDFE68E-4D4F-4545-8A64-D5CD3D15C24D}.Release|Any CPU.ActiveCfg = Release|Any CPU
		{ADDFE68E-4D4F-4545-8A64-D5CD3D15C24D}.Release|Any CPU.Build.0 = Release|Any CPU
		{554105AC-70BA-4CE1-A024-D466FC746F1B}.Debug|Any CPU.ActiveCfg = Debug|Any CPU
		{554105AC-70BA-4CE1-A024-D466FC746F1B}.Debug|Any CPU.Build.0 = Debug|Any CPU
		{554105AC-70BA-4CE1-A024-D466FC746F1B}.Release|Any CPU.ActiveCfg = Release|Any CPU
		{554105AC-70BA-4CE1-A024-D466FC746F1B}.Release|Any CPU.Build.0 = Release|Any CPU
	EndGlobalSection
	GlobalSection(NestedProjects) = preSolution
		{9DFA2FE9-6EF8-4E83-BDC9-319E471F2098} = {91B80679-9979-4412-896E-A4F0FA2529E0}
		{37C60CE3-6655-4C26-B04B-52720A8FC756} = {91B80679-9979-4412-896E-A4F0FA2529E0}
		{AB94F5DF-5077-4A63-9B92-A0FFBA6D829F} = {91B80679-9979-4412-896E-A4F0FA2529E0}
		{9D842B8A-C340-4089-AB9C-365A05795B14} = {91B80679-9979-4412-896E-A4F0FA2529E0}
		{F556F2FB-E288-4012-A8C8-A8E7AC827BED} = {6515EC75-955F-4FD8-9C56-ABFC8EE574B3}
		{2E9179CF-44D5-49FA-8B76-D7962A7ED34B} = {4E4B53FF-524F-43FA-A842-D64993D92A51}
		{FB7402A6-2A2C-4E51-8BE7-8B1EB0DD0C06} = {4E4B53FF-524F-43FA-A842-D64993D92A51}
		{ADDFE68E-4D4F-4545-8A64-D5CD3D15C24D} = {91B80679-9979-4412-896E-A4F0FA2529E0}
		{554105AC-70BA-4CE1-A024-D466FC746F1B} = {4E4B53FF-524F-43FA-A842-D64993D92A51}
	EndGlobalSection
EndGlobal
